
Microsoft Visual Studio Solution File, Format Version 12.00
# Visual Studio Version 17
VisualStudioVersion = 17.14.36310.24
MinimumVisualStudioVersion = 10.0.40219.1
Project("{2150E333-8FDC-42A3-9474-1A3956D46DE8}") = "Services", "Services", "{02EA681E-C7D8-13C7-8484-4AC65E1B71E8}"
EndProject
Project("{2150E333-8FDC-42A3-9474-1A3956D46DE8}") = "Catalog", "Catalog", "{85F28376-E566-4F51-9B48-B6C32D20994B}"
EndProject
Project("{FAE04EC0-301F-11D3-BF4B-00C04F79EFBC}") = "MultiShop.Catalog", "Services\Catalog\MultiShop.Catalog\MultiShop.Catalog.csproj", "{14D19E5B-6FB5-4998-A518-DD9F45D6D2D1}"
EndProject
Project("{2150E333-8FDC-42A3-9474-1A3956D46DE8}") = "Discount", "Discount", "{EFB43C84-5AAB-4012-B626-CEDF737D1633}"
EndProject
Project("{FAE04EC0-301F-11D3-BF4B-00C04F79EFBC}") = "MultiShop.Discount", "Services\Discount\MultiShop.Discount\MultiShop.Discount.csproj", "{912F991E-211D-4331-9093-DFA74D971AF1}"
EndProject
Project("{2150E333-8FDC-42A3-9474-1A3956D46DE8}") = "IdentityServer", "IdentityServer", "{B3D3DAD9-4BAC-4460-9CA8-22E6CDD8C2C3}"
EndProject
Project("{FAE04EC0-301F-11D3-BF4B-00C04F79EFBC}") = "MultiShop.IdentityServer", "IdentityServer\MultiShop.IdentityServer\MultiShop.IdentityServer.csproj", "{EA14094F-FB55-5ABC-1402-B4229C4AD0B1}"
EndProject
Project("{2150E333-8FDC-42A3-9474-1A3956D46DE8}") = "Requirements", "Requirements", "{677AA9AA-DFC8-4023-ABDF-939D21C28B1B}"
	ProjectSection(SolutionItems) = preProject
		Identity_Config.txt = Identity_Config.txt
		LoginController_IndexMethod.txt = LoginController_IndexMethod.txt
		OcelotCodeExample.txt = OcelotCodeExample.txt
		OrderHtml.txt = OrderHtml.txt
		PortsInformation.txt = PortsInformation.txt
		SimpleCode.txt = SimpleCode.txt
	EndProjectSection
EndProject
Project("{2150E333-8FDC-42A3-9474-1A3956D46DE8}") = "Cargo", "Cargo", "{055DA083-D4EB-4C74-A208-BDAEEAC3F1BB}"
EndProject
Project("{FAE04EC0-301F-11D3-BF4B-00C04F79EFBC}") = "MultiShop.Cargo.EntityLayer", "Services\Cargo\MultiShop.Cargo.EntityLayer\MultiShop.Cargo.EntityLayer.csproj", "{A4C2632D-969A-4FDF-8A82-F43CB1A3D6B3}"
EndProject
Project("{FAE04EC0-301F-11D3-BF4B-00C04F79EFBC}") = "MultiShop.Cargo.BusinessLayer", "Services\Cargo\MultiShop.Cargo.BusinessLayer\MultiShop.Cargo.BusinessLayer.csproj", "{1A6CDB7D-EFD3-41D9-A748-332C1F254BF3}"
EndProject
Project("{FAE04EC0-301F-11D3-BF4B-00C04F79EFBC}") = "MultiShop.Cargo.DataAccessLayer", "Services\Cargo\MultiShop.Cargo.DataAccessLayer\MultiShop.Cargo.DataAccessLayer.csproj", "{A36A127C-7574-4D67-B445-0C8161387E3C}"
EndProject
Project("{FAE04EC0-301F-11D3-BF4B-00C04F79EFBC}") = "MultiShop.Cargo.DTOLayer", "Services\Cargo\MultiShop.Cargo.DTOLayer\MultiShop.Cargo.DTOLayer.csproj", "{DEC3921D-577C-4D7F-B616-7E634E0083DF}"
EndProject
Project("{FAE04EC0-301F-11D3-BF4B-00C04F79EFBC}") = "MultiShop.Cargo.WebAPI", "Services\Cargo\MultiShop.Cargo.WebAPI\MultiShop.Cargo.WebAPI.csproj", "{0ABAFC10-A6AC-4978-8398-872775F57500}"
EndProject
Project("{2150E333-8FDC-42A3-9474-1A3956D46DE8}") = "Basket", "Basket", "{851DFB59-F696-4DC3-A8BD-441C0243CEB0}"
EndProject
Project("{FAE04EC0-301F-11D3-BF4B-00C04F79EFBC}") = "MultiShop.Basket", "Services\Basket\MultiShop.Basket\MultiShop.Basket.csproj", "{13643876-E830-4748-851C-952F8C08F975}"
EndProject
Project("{2150E333-8FDC-42A3-9474-1A3956D46DE8}") = "Frontends", "Frontends", "{33966D3C-1962-4679-BC21-DB3BD7CCE2E9}"
EndProject
Project("{FAE04EC0-301F-11D3-BF4B-00C04F79EFBC}") = "MultiShop.WebUI", "Frontends\MultiShop.WebUI\MultiShop.WebUI.csproj", "{DDCAF6BF-19D1-4641-A29D-3B3FD48E455A}"
EndProject
Project("{FAE04EC0-301F-11D3-BF4B-00C04F79EFBC}") = "MultiShop.DTOLayer", "Frontends\MultiShop.DTOLayer\MultiShop.DTOLayer.csproj", "{699B9F99-5175-4176-B9D4-5CED2A586AD9}"
EndProject
Project("{2150E333-8FDC-42A3-9474-1A3956D46DE8}") = "Comment", "Comment", "{8F3286BE-EC9A-4ACA-88FD-E40EBF80A69D}"
EndProject
Project("{FAE04EC0-301F-11D3-BF4B-00C04F79EFBC}") = "MultiShop.Comment", "Services\Comment\MultiShop.Comment\MultiShop.Comment.csproj", "{03098516-3E81-4DE1-B0F0-0980BB39AE31}"
EndProject
Project("{2150E333-8FDC-42A3-9474-1A3956D46DE8}") = "ApiGateway", "ApiGateway", "{4559744E-564C-4F5A-A64E-E50C905B5D55}"
EndProject
Project("{2150E333-8FDC-42A3-9474-1A3956D46DE8}") = "RapidApi", "RapidApi", "{5A5197B2-C9F8-4415-BD13-B68D1FD773F0}"
EndProject
Project("{FAE04EC0-301F-11D3-BF4B-00C04F79EFBC}") = "MultiShop.OcelotGateway", "ApiGateway\MultiShop.OcelotGateway\MultiShop.OcelotGateway.csproj", "{D318E353-5E4B-4596-B243-2BC49DE87BEF}"
EndProject
Project("{2150E333-8FDC-42A3-9474-1A3956D46DE8}") = "Payment", "Payment", "{C61FC6FA-F99A-4F2F-86DF-2DF2D99F3B56}"
EndProject
Project("{FAE04EC0-301F-11D3-BF4B-00C04F79EFBC}") = "MultiShop.Payment", "Services\Payment\MultiShop.Payment\MultiShop.Payment.csproj", "{02094601-9AAC-4FAC-B259-97304A4C09D0}"
EndProject
Project("{2150E333-8FDC-42A3-9474-1A3956D46DE8}") = "Images", "Images", "{CE6FB8E2-B0FE-4604-8E12-E14125CFA489}"
EndProject
Project("{FAE04EC0-301F-11D3-BF4B-00C04F79EFBC}") = "MultiShop.Images", "Services\Images\MultiShop.Images\MultiShop.Images.csproj", "{3E883E00-23CD-41F7-AE4A-63ECB34D6DEE}"
EndProject
Project("{2150E333-8FDC-42A3-9474-1A3956D46DE8}") = "Order", "Order", "{0C8BCA1E-559A-4B2F-9553-E0C2857AFFF6}"
EndProject
Project("{2150E333-8FDC-42A3-9474-1A3956D46DE8}") = "Core", "Core", "{E8692D93-BA06-4720-BAC1-7953A2D65CA0}"
EndProject
Project("{2150E333-8FDC-42A3-9474-1A3956D46DE8}") = "Infrastructure", "Infrastructure", "{3B6BD822-BD0A-459D-AD98-FCB068EBB411}"
EndProject
Project("{2150E333-8FDC-42A3-9474-1A3956D46DE8}") = "Presentation", "Presentation", "{862DB35E-2545-4B01-B8C5-7D2CD75B054B}"
EndProject
Project("{FAE04EC0-301F-11D3-BF4B-00C04F79EFBC}") = "MultiShop.Order.Domain", "Services\Order\Core\MultiShop.Order.Domain\MultiShop.Order.Domain.csproj", "{3C0A6147-E65C-47C5-B424-ADAA23D08D01}"
EndProject
Project("{FAE04EC0-301F-11D3-BF4B-00C04F79EFBC}") = "MultiShop.Order.Application", "Services\Order\Core\MultiShop.Order.Application\MultiShop.Order.Application.csproj", "{7889036C-FFCB-4701-B861-C74C50915C1D}"
EndProject
Project("{FAE04EC0-301F-11D3-BF4B-00C04F79EFBC}") = "MultiShop.Order.Persistence", "Services\Order\Infrastructure\MultiShop.Order.Persistence\MultiShop.Order.Persistence.csproj", "{786BEDF1-37BC-43B7-8BE3-0544E0107FF6}"
EndProject
Project("{FAE04EC0-301F-11D3-BF4B-00C04F79EFBC}") = "MultiShop.Order.WebApi", "Services\Order\Presentation\MultiShop.Order.WebApi\MultiShop.Order.WebApi.csproj", "{10846AB6-E173-4EDF-BFD6-45315DB28E3D}"
EndProject
Project("{2150E333-8FDC-42A3-9474-1A3956D46DE8}") = "Message", "Message", "{3087A59A-9446-4ECC-BB4D-4EBF9BA41BC4}"
EndProject
Project("{FAE04EC0-301F-11D3-BF4B-00C04F79EFBC}") = "MultiShop.Message", "Services\Message\MultiShop.Message\MultiShop.Message.csproj", "{EBB7D77A-809F-4610-AFEA-0C6940C0871D}"
EndProject
Project("{2150E333-8FDC-42A3-9474-1A3956D46DE8}") = "SignalRRealTime", "SignalRRealTime", "{D2E3A925-C5A4-48F1-ADB0-D098264B6E61}"
EndProject
Project("{FAE04EC0-301F-11D3-BF4B-00C04F79EFBC}") = "MultiShop.SignalRRealTimeAPI", "Services\SignalRRealTime\MultiShop.SignalRRealTimeAPI\MultiShop.SignalRRealTimeAPI.csproj", "{288DA59E-151C-4F67-B3AE-9D68CD990980}"
EndProject
Project("{FAE04EC0-301F-11D3-BF4B-00C04F79EFBC}") = "MultiShop.Images.WebUI", "Services\Images\MultiShop.Images.WebUI\MultiShop.Images.WebUI.csproj", "{09119349-58E1-4D93-BBA9-B21F514118B1}"
EndProject
Project("{2150E333-8FDC-42A3-9474-1A3956D46DE8}") = "RabbitMQMessage", "RabbitMQMessage", "{EC2D006E-8F2E-41D0-B433-4BF720041629}"
EndProject
Project("{FAE04EC0-301F-11D3-BF4B-00C04F79EFBC}") = "MultiShop.RabbitMQMessageAPI", "Services\RabbitMQMessage\MultiShop.RabbitMQMessageAPI\MultiShop.RabbitMQMessageAPI.csproj", "{DAABCBE3-275B-4A4D-A456-DD6ACA8A052A}"
EndProject
Global
	GlobalSection(SolutionConfigurationPlatforms) = preSolution
		Debug|Any CPU = Debug|Any CPU
		Release|Any CPU = Release|Any CPU
	EndGlobalSection
	GlobalSection(ProjectConfigurationPlatforms) = postSolution
		{14D19E5B-6FB5-4998-A518-DD9F45D6D2D1}.Debug|Any CPU.ActiveCfg = Debug|Any CPU
		{14D19E5B-6FB5-4998-A518-DD9F45D6D2D1}.Debug|Any CPU.Build.0 = Debug|Any CPU
		{14D19E5B-6FB5-4998-A518-DD9F45D6D2D1}.Release|Any CPU.ActiveCfg = Release|Any CPU
		{14D19E5B-6FB5-4998-A518-DD9F45D6D2D1}.Release|Any CPU.Build.0 = Release|Any CPU
		{912F991E-211D-4331-9093-DFA74D971AF1}.Debug|Any CPU.ActiveCfg = Debug|Any CPU
		{912F991E-211D-4331-9093-DFA74D971AF1}.Debug|Any CPU.Build.0 = Debug|Any CPU
		{912F991E-211D-4331-9093-DFA74D971AF1}.Release|Any CPU.ActiveCfg = Release|Any CPU
		{912F991E-211D-4331-9093-DFA74D971AF1}.Release|Any CPU.Build.0 = Release|Any CPU
		{EA14094F-FB55-5ABC-1402-B4229C4AD0B1}.Debug|Any CPU.ActiveCfg = Debug|Any CPU
		{EA14094F-FB55-5ABC-1402-B4229C4AD0B1}.Debug|Any CPU.Build.0 = Debug|Any CPU
		{EA14094F-FB55-5ABC-1402-B4229C4AD0B1}.Release|Any CPU.ActiveCfg = Release|Any CPU
		{EA14094F-FB55-5ABC-1402-B4229C4AD0B1}.Release|Any CPU.Build.0 = Release|Any CPU
		{A4C2632D-969A-4FDF-8A82-F43CB1A3D6B3}.Debug|Any CPU.ActiveCfg = Debug|Any CPU
		{A4C2632D-969A-4FDF-8A82-F43CB1A3D6B3}.Debug|Any CPU.Build.0 = Debug|Any CPU
		{A4C2632D-969A-4FDF-8A82-F43CB1A3D6B3}.Release|Any CPU.ActiveCfg = Release|Any CPU
		{A4C2632D-969A-4FDF-8A82-F43CB1A3D6B3}.Release|Any CPU.Build.0 = Release|Any CPU
		{1A6CDB7D-EFD3-41D9-A748-332C1F254BF3}.Debug|Any CPU.ActiveCfg = Debug|Any CPU
		{1A6CDB7D-EFD3-41D9-A748-332C1F254BF3}.Debug|Any CPU.Build.0 = Debug|Any CPU
		{1A6CDB7D-EFD3-41D9-A748-332C1F254BF3}.Release|Any CPU.ActiveCfg = Release|Any CPU
		{1A6CDB7D-EFD3-41D9-A748-332C1F254BF3}.Release|Any CPU.Build.0 = Release|Any CPU
		{A36A127C-7574-4D67-B445-0C8161387E3C}.Debug|Any CPU.ActiveCfg = Debug|Any CPU
		{A36A127C-7574-4D67-B445-0C8161387E3C}.Debug|Any CPU.Build.0 = Debug|Any CPU
		{A36A127C-7574-4D67-B445-0C8161387E3C}.Release|Any CPU.ActiveCfg = Release|Any CPU
		{A36A127C-7574-4D67-B445-0C8161387E3C}.Release|Any CPU.Build.0 = Release|Any CPU
		{DEC3921D-577C-4D7F-B616-7E634E0083DF}.Debug|Any CPU.ActiveCfg = Debug|Any CPU
		{DEC3921D-577C-4D7F-B616-7E634E0083DF}.Debug|Any CPU.Build.0 = Debug|Any CPU
		{DEC3921D-577C-4D7F-B616-7E634E0083DF}.Release|Any CPU.ActiveCfg = Release|Any CPU
		{DEC3921D-577C-4D7F-B616-7E634E0083DF}.Release|Any CPU.Build.0 = Release|Any CPU
		{0ABAFC10-A6AC-4978-8398-872775F57500}.Debug|Any CPU.ActiveCfg = Debug|Any CPU
		{0ABAFC10-A6AC-4978-8398-872775F57500}.Debug|Any CPU.Build.0 = Debug|Any CPU
		{0ABAFC10-A6AC-4978-8398-872775F57500}.Release|Any CPU.ActiveCfg = Release|Any CPU
		{0ABAFC10-A6AC-4978-8398-872775F57500}.Release|Any CPU.Build.0 = Release|Any CPU
		{13643876-E830-4748-851C-952F8C08F975}.Debug|Any CPU.ActiveCfg = Debug|Any CPU
		{13643876-E830-4748-851C-952F8C08F975}.Debug|Any CPU.Build.0 = Debug|Any CPU
		{13643876-E830-4748-851C-952F8C08F975}.Release|Any CPU.ActiveCfg = Release|Any CPU
		{13643876-E830-4748-851C-952F8C08F975}.Release|Any CPU.Build.0 = Release|Any CPU
		{DDCAF6BF-19D1-4641-A29D-3B3FD48E455A}.Debug|Any CPU.ActiveCfg = Debug|Any CPU
		{DDCAF6BF-19D1-4641-A29D-3B3FD48E455A}.Debug|Any CPU.Build.0 = Debug|Any CPU
		{DDCAF6BF-19D1-4641-A29D-3B3FD48E455A}.Release|Any CPU.ActiveCfg = Release|Any CPU
		{DDCAF6BF-19D1-4641-A29D-3B3FD48E455A}.Release|Any CPU.Build.0 = Release|Any CPU
		{699B9F99-5175-4176-B9D4-5CED2A586AD9}.Debug|Any CPU.ActiveCfg = Debug|Any CPU
		{699B9F99-5175-4176-B9D4-5CED2A586AD9}.Debug|Any CPU.Build.0 = Debug|Any CPU
		{699B9F99-5175-4176-B9D4-5CED2A586AD9}.Release|Any CPU.ActiveCfg = Release|Any CPU
		{699B9F99-5175-4176-B9D4-5CED2A586AD9}.Release|Any CPU.Build.0 = Release|Any CPU
		{03098516-3E81-4DE1-B0F0-0980BB39AE31}.Debug|Any CPU.ActiveCfg = Debug|Any CPU
		{03098516-3E81-4DE1-B0F0-0980BB39AE31}.Debug|Any CPU.Build.0 = Debug|Any CPU
		{03098516-3E81-4DE1-B0F0-0980BB39AE31}.Release|Any CPU.ActiveCfg = Release|Any CPU
		{03098516-3E81-4DE1-B0F0-0980BB39AE31}.Release|Any CPU.Build.0 = Release|Any CPU
		{D318E353-5E4B-4596-B243-2BC49DE87BEF}.Debug|Any CPU.ActiveCfg = Debug|Any CPU
		{D318E353-5E4B-4596-B243-2BC49DE87BEF}.Debug|Any CPU.Build.0 = Debug|Any CPU
		{D318E353-5E4B-4596-B243-2BC49DE87BEF}.Release|Any CPU.ActiveCfg = Release|Any CPU
		{D318E353-5E4B-4596-B243-2BC49DE87BEF}.Release|Any CPU.Build.0 = Release|Any CPU
		{02094601-9AAC-4FAC-B259-97304A4C09D0}.Debug|Any CPU.ActiveCfg = Debug|Any CPU
		{02094601-9AAC-4FAC-B259-97304A4C09D0}.Debug|Any CPU.Build.0 = Debug|Any CPU
		{02094601-9AAC-4FAC-B259-97304A4C09D0}.Release|Any CPU.ActiveCfg = Release|Any CPU
		{02094601-9AAC-4FAC-B259-97304A4C09D0}.Release|Any CPU.Build.0 = Release|Any CPU
		{3E883E00-23CD-41F7-AE4A-63ECB34D6DEE}.Debug|Any CPU.ActiveCfg = Debug|Any CPU
		{3E883E00-23CD-41F7-AE4A-63ECB34D6DEE}.Debug|Any CPU.Build.0 = Debug|Any CPU
		{3E883E00-23CD-41F7-AE4A-63ECB34D6DEE}.Release|Any CPU.ActiveCfg = Release|Any CPU
		{3E883E00-23CD-41F7-AE4A-63ECB34D6DEE}.Release|Any CPU.Build.0 = Release|Any CPU
		{3C0A6147-E65C-47C5-B424-ADAA23D08D01}.Debug|Any CPU.ActiveCfg = Debug|Any CPU
		{3C0A6147-E65C-47C5-B424-ADAA23D08D01}.Debug|Any CPU.Build.0 = Debug|Any CPU
		{3C0A6147-E65C-47C5-B424-ADAA23D08D01}.Release|Any CPU.ActiveCfg = Release|Any CPU
		{3C0A6147-E65C-47C5-B424-ADAA23D08D01}.Release|Any CPU.Build.0 = Release|Any CPU
		{7889036C-FFCB-4701-B861-C74C50915C1D}.Debug|Any CPU.ActiveCfg = Debug|Any CPU
		{7889036C-FFCB-4701-B861-C74C50915C1D}.Debug|Any CPU.Build.0 = Debug|Any CPU
		{7889036C-FFCB-4701-B861-C74C50915C1D}.Release|Any CPU.ActiveCfg = Release|Any CPU
		{7889036C-FFCB-4701-B861-C74C50915C1D}.Release|Any CPU.Build.0 = Release|Any CPU
		{786BEDF1-37BC-43B7-8BE3-0544E0107FF6}.Debug|Any CPU.ActiveCfg = Debug|Any CPU
		{786BEDF1-37BC-43B7-8BE3-0544E0107FF6}.Debug|Any CPU.Build.0 = Debug|Any CPU
		{786BEDF1-37BC-43B7-8BE3-0544E0107FF6}.Release|Any CPU.ActiveCfg = Release|Any CPU
		{786BEDF1-37BC-43B7-8BE3-0544E0107FF6}.Release|Any CPU.Build.0 = Release|Any CPU
		{10846AB6-E173-4EDF-BFD6-45315DB28E3D}.Debug|Any CPU.ActiveCfg = Debug|Any CPU
		{10846AB6-E173-4EDF-BFD6-45315DB28E3D}.Debug|Any CPU.Build.0 = Debug|Any CPU
		{10846AB6-E173-4EDF-BFD6-45315DB28E3D}.Release|Any CPU.ActiveCfg = Release|Any CPU
		{10846AB6-E173-4EDF-BFD6-45315DB28E3D}.Release|Any CPU.Build.0 = Release|Any CPU
		{EBB7D77A-809F-4610-AFEA-0C6940C0871D}.Debug|Any CPU.ActiveCfg = Debug|Any CPU
		{EBB7D77A-809F-4610-AFEA-0C6940C0871D}.Debug|Any CPU.Build.0 = Debug|Any CPU
		{EBB7D77A-809F-4610-AFEA-0C6940C0871D}.Release|Any CPU.ActiveCfg = Release|Any CPU
		{EBB7D77A-809F-4610-AFEA-0C6940C0871D}.Release|Any CPU.Build.0 = Release|Any CPU
		{288DA59E-151C-4F67-B3AE-9D68CD990980}.Debug|Any CPU.ActiveCfg = Debug|Any CPU
		{288DA59E-151C-4F67-B3AE-9D68CD990980}.Debug|Any CPU.Build.0 = Debug|Any CPU
		{288DA59E-151C-4F67-B3AE-9D68CD990980}.Release|Any CPU.ActiveCfg = Release|Any CPU
		{288DA59E-151C-4F67-B3AE-9D68CD990980}.Release|Any CPU.Build.0 = Release|Any CPU
		{09119349-58E1-4D93-BBA9-B21F514118B1}.Debug|Any CPU.ActiveCfg = Debug|Any CPU
		{09119349-58E1-4D93-BBA9-B21F514118B1}.Debug|Any CPU.Build.0 = Debug|Any CPU
		{09119349-58E1-4D93-BBA9-B21F514118B1}.Release|Any CPU.ActiveCfg = Release|Any CPU
		{09119349-58E1-4D93-BBA9-B21F514118B1}.Release|Any CPU.Build.0 = Release|Any CPU
		{DAABCBE3-275B-4A4D-A456-DD6ACA8A052A}.Debug|Any CPU.ActiveCfg = Debug|Any CPU
		{DAABCBE3-275B-4A4D-A456-DD6ACA8A052A}.Debug|Any CPU.Build.0 = Debug|Any CPU
		{DAABCBE3-275B-4A4D-A456-DD6ACA8A052A}.Release|Any CPU.ActiveCfg = Release|Any CPU
		{DAABCBE3-275B-4A4D-A456-DD6ACA8A052A}.Release|Any CPU.Build.0 = Release|Any CPU
	EndGlobalSection
	GlobalSection(SolutionProperties) = preSolution
		HideSolutionNode = FALSE
	EndGlobalSection
	GlobalSection(NestedProjects) = preSolution
		{85F28376-E566-4F51-9B48-B6C32D20994B} = {02EA681E-C7D8-13C7-8484-4AC65E1B71E8}
		{14D19E5B-6FB5-4998-A518-DD9F45D6D2D1} = {85F28376-E566-4F51-9B48-B6C32D20994B}
		{EFB43C84-5AAB-4012-B626-CEDF737D1633} = {02EA681E-C7D8-13C7-8484-4AC65E1B71E8}
		{912F991E-211D-4331-9093-DFA74D971AF1} = {EFB43C84-5AAB-4012-B626-CEDF737D1633}
		{EA14094F-FB55-5ABC-1402-B4229C4AD0B1} = {B3D3DAD9-4BAC-4460-9CA8-22E6CDD8C2C3}
		{055DA083-D4EB-4C74-A208-BDAEEAC3F1BB} = {02EA681E-C7D8-13C7-8484-4AC65E1B71E8}
		{A4C2632D-969A-4FDF-8A82-F43CB1A3D6B3} = {055DA083-D4EB-4C74-A208-BDAEEAC3F1BB}
		{1A6CDB7D-EFD3-41D9-A748-332C1F254BF3} = {055DA083-D4EB-4C74-A208-BDAEEAC3F1BB}
		{A36A127C-7574-4D67-B445-0C8161387E3C} = {055DA083-D4EB-4C74-A208-BDAEEAC3F1BB}
		{DEC3921D-577C-4D7F-B616-7E634E0083DF} = {055DA083-D4EB-4C74-A208-BDAEEAC3F1BB}
		{0ABAFC10-A6AC-4978-8398-872775F57500} = {055DA083-D4EB-4C74-A208-BDAEEAC3F1BB}
		{851DFB59-F696-4DC3-A8BD-441C0243CEB0} = {02EA681E-C7D8-13C7-8484-4AC65E1B71E8}
		{13643876-E830-4748-851C-952F8C08F975} = {851DFB59-F696-4DC3-A8BD-441C0243CEB0}
		{DDCAF6BF-19D1-4641-A29D-3B3FD48E455A} = {33966D3C-1962-4679-BC21-DB3BD7CCE2E9}
		{699B9F99-5175-4176-B9D4-5CED2A586AD9} = {33966D3C-1962-4679-BC21-DB3BD7CCE2E9}
		{8F3286BE-EC9A-4ACA-88FD-E40EBF80A69D} = {02EA681E-C7D8-13C7-8484-4AC65E1B71E8}
		{03098516-3E81-4DE1-B0F0-0980BB39AE31} = {8F3286BE-EC9A-4ACA-88FD-E40EBF80A69D}
		{D318E353-5E4B-4596-B243-2BC49DE87BEF} = {4559744E-564C-4F5A-A64E-E50C905B5D55}
		{C61FC6FA-F99A-4F2F-86DF-2DF2D99F3B56} = {02EA681E-C7D8-13C7-8484-4AC65E1B71E8}
		{02094601-9AAC-4FAC-B259-97304A4C09D0} = {C61FC6FA-F99A-4F2F-86DF-2DF2D99F3B56}
		{CE6FB8E2-B0FE-4604-8E12-E14125CFA489} = {02EA681E-C7D8-13C7-8484-4AC65E1B71E8}
		{3E883E00-23CD-41F7-AE4A-63ECB34D6DEE} = {CE6FB8E2-B0FE-4604-8E12-E14125CFA489}
		{0C8BCA1E-559A-4B2F-9553-E0C2857AFFF6} = {02EA681E-C7D8-13C7-8484-4AC65E1B71E8}
		{E8692D93-BA06-4720-BAC1-7953A2D65CA0} = {0C8BCA1E-559A-4B2F-9553-E0C2857AFFF6}
		{3B6BD822-BD0A-459D-AD98-FCB068EBB411} = {0C8BCA1E-559A-4B2F-9553-E0C2857AFFF6}
		{862DB35E-2545-4B01-B8C5-7D2CD75B054B} = {0C8BCA1E-559A-4B2F-9553-E0C2857AFFF6}
		{3C0A6147-E65C-47C5-B424-ADAA23D08D01} = {E8692D93-BA06-4720-BAC1-7953A2D65CA0}
		{7889036C-FFCB-4701-B861-C74C50915C1D} = {E8692D93-BA06-4720-BAC1-7953A2D65CA0}
		{786BEDF1-37BC-43B7-8BE3-0544E0107FF6} = {3B6BD822-BD0A-459D-AD98-FCB068EBB411}
		{10846AB6-E173-4EDF-BFD6-45315DB28E3D} = {862DB35E-2545-4B01-B8C5-7D2CD75B054B}
		{3087A59A-9446-4ECC-BB4D-4EBF9BA41BC4} = {02EA681E-C7D8-13C7-8484-4AC65E1B71E8}
		{EBB7D77A-809F-4610-AFEA-0C6940C0871D} = {3087A59A-9446-4ECC-BB4D-4EBF9BA41BC4}
		{D2E3A925-C5A4-48F1-ADB0-D098264B6E61} = {02EA681E-C7D8-13C7-8484-4AC65E1B71E8}
		{288DA59E-151C-4F67-B3AE-9D68CD990980} = {D2E3A925-C5A4-48F1-ADB0-D098264B6E61}
		{09119349-58E1-4D93-BBA9-B21F514118B1} = {CE6FB8E2-B0FE-4604-8E12-E14125CFA489}
		{EC2D006E-8F2E-41D0-B433-4BF720041629} = {02EA681E-C7D8-13C7-8484-4AC65E1B71E8}
		{DAABCBE3-275B-4A4D-A456-DD6ACA8A052A} = {EC2D006E-8F2E-41D0-B433-4BF720041629}
	EndGlobalSection
	GlobalSection(ExtensibilityGlobals) = postSolution
		SolutionGuid = {BDCEDDFD-1452-44EA-BAE9-5F3E694CA49F}
	EndGlobalSection
EndGlobal
